lockfileVersion: '9.0'

settings:
  autoInstallPeers: true
  excludeLinksFromLockfile: false

importers:

  .:
    dependencies:
      node-napcat-ts:
        specifier: ^0.4.9
        version: 0.4.9
    devDependencies:
      '@types/node':
        specifier: ^22.13.10
        version: 22.13.10
      typescript:
        specifier: ^5.8.2
        version: 5.8.2

packages:

  '@types/node@22.13.10':
    resolution: {integrity: sha512-I6LPUvlRH+O6VRUqYOcMudhaIdUVWfsjnZavnsraHvpBwaEyMN29ry+0UVJhImYL16xsscu0aske3yA+uPOWfw==, tarball: https://registry.npmjs.org/@types/node/-/node-22.13.10.tgz}

  isomorphic-ws@5.0.0:
    resolution: {integrity: sha512-muId7Zzn9ywDsyXgTIafTry2sV3nySZeUDe6YedVd1Hvuuep5AsIlqK+XefWpYTyJG5e503F2xIuT2lcU6rCSw==, tarball: https://registry.npmjs.org/isomorphic-ws/-/isomorphic-ws-5.0.0.tgz}
    peerDependencies:
      ws: '*'

  nanoid@5.1.5:
    resolution: {integrity: sha512-Ir/+ZpE9fDsNH0hQ3C68uyThDXzYcim2EqcZ8zn8Chtt1iylPT9xXJB0kPCnqzgcEGikO9RxSrh63MsmVCU7Fw==, tarball: https://registry.npmjs.org/nanoid/-/nanoid-5.1.5.tgz}
    engines: {node: ^18 || >=20}
    hasBin: true

  node-napcat-ts@0.4.9:
    resolution: {integrity: sha512-RgpdHfXzKFIG7drk2ieXIJIaj97BvdosKf9AtYd9byGE37xCc5AmlttDuZINkCL6PuOMCQiDt2rTUWxiAtz2OQ==, tarball: https://registry.npmjs.org/node-napcat-ts/-/node-napcat-ts-0.4.9.tgz}

  typescript@5.8.2:
    resolution: {integrity: sha512-aJn6wq13/afZp/jT9QZmwEjDqqvSGp1VT5GVg+f/t6/oVyrgXM6BY1h9BRh/O5p3PlUPAe+WuiEZOmb/49RqoQ==, tarball: https://registry.npmjs.org/typescript/-/typescript-5.8.2.tgz}
    engines: {node: '>=14.17'}
    hasBin: true

  undici-types@6.20.0:
    resolution: {integrity: sha512-Ny6QZ2Nju20vw1SRHe3d9jVu6gJ+4e3+MMpqu7pqE5HT6WsTSlce++GQmK5UXS8mzV8DSYHrQH+Xrf2jVcuKNg==, tarball: https://registry.npmjs.org/undici-types/-/undici-types-6.20.0.tgz}

  ws@8.18.1:
    resolution: {integrity: sha512-RKW2aJZMXeMxVpnZ6bck+RswznaxmzdULiBr6KY7XkTnW8uvt0iT9H5DkHUChXrc+uurzwa0rVI16n/Xzjdz1w==, tarball: https://registry.npmjs.org/ws/-/ws-8.18.1.tgz}
    engines: {node: '>=10.0.0'}
    peerDependencies:
      bufferutil: ^4.0.1
      utf-8-validate: '>=5.0.2'
    peerDependenciesMeta:
      bufferutil:
        optional: true
      utf-8-validate:
        optional: true

snapshots:

  '@types/node@22.13.10':
    dependencies:
      undici-types: 6.20.0

  isomorphic-ws@5.0.0(ws@8.18.1):
    dependencies:
      ws: 8.18.1

  nanoid@5.1.5: {}

  node-napcat-ts@0.4.9:
    dependencies:
      isomorphic-ws: 5.0.0(ws@8.18.1)
      nanoid: 5.1.5
      ws: 8.18.1
    transitivePeerDependencies:
      - bufferutil
      - utf-8-validate

  typescript@5.8.2: {}

  undici-types@6.20.0: {}

  ws@8.18.1: {}
